
Microsoft Visual Studio Solution File, Format Version 12.00
# Visual Studio 15
VisualStudioVersion = 15.0.28307.902
MinimumVisualStudioVersion = 10.0.40219.1
Project("{FAE04EC0-301F-11D3-BF4B-00C04F79EFBC}") = "GuessNumber", "GuessNumber\GuessNumber.csproj", "{6E247907-2A2A-4474-93D1-DE0172269549}"
EndProject
Project("{FAE04EC0-301F-11D3-BF4B-00C04F79EFBC}") = "GameBoxMSTest", "GameBoxMSTest\GameBoxMSTest.csproj", "{19453C61-FA37-421C-856A-54ED5FC94CD6}"
EndProject
Global
	GlobalSection(SolutionConfigurationPlatforms) = preSolution
		Debug|Any CPU = Debug|Any CPU
		Release|Any CPU = Release|Any CPU
	EndGlobalSection
	GlobalSection(ProjectConfigurationPlatforms) = postSolution
		{6E247907-2A2A-4474-93D1-DE0172269549}.Debug|Any CPU.ActiveCfg = Debug|Any CPU
		{6E247907-2A2A-4474-93D1-DE0172269549}.Debug|Any CPU.Build.0 = Debug|Any CPU
		{6E247907-2A2A-4474-93D1-DE0172269549}.Release|Any CPU.ActiveCfg = Release|Any CPU
		{6E247907-2A2A-4474-93D1-DE0172269549}.Release|Any CPU.Build.0 = Release|Any CPU
		{19453C61-FA37-421C-856A-54ED5FC94CD6}.Debug|Any CPU.ActiveCfg = Debug|Any CPU
		{19453C61-FA37-421C-856A-54ED5FC94CD6}.Debug|Any CPU.Build.0 = Debug|Any CPU
		{19453C61-FA37-421C-856A-54ED5FC94CD6}.Release|Any CPU.ActiveCfg = Release|Any CPU
		{19453C61-FA37-421C-856A-54ED5FC94CD6}.Release|Any CPU.Build.0 = Release|Any CPU
	EndGlobalSection
	GlobalSection(SolutionProperties) = preSolution
		HideSolutionNode = FALSE
	EndGlobalSection
	GlobalSection(ExtensibilityGlobals) = postSolution
		SolutionGuid = {515B4E5F-1491-487C-8BC7-A290BA9153C7}
	EndGlobalSection
EndGlobal
